
Microsoft Visual Studio Solution File, Format Version 12.00
# Visual Studio 15
VisualStudioVersion = 15.0.27703.2018
MinimumVisualStudioVersion = 10.0.40219.1
Project("{FAE04EC0-301F-11D3-BF4B-00C04F79EFBC}") = "testProject2", "testProject2\testProject2.csproj", "{D7D591F5-359A-4CAC-B9BB-FF26540C9D8D}"
EndProject
Global
	GlobalSection(SolutionConfigurationPlatforms) = preSolution
		Debug|Any CPU = Debug|Any CPU
		Release|Any CPU = Release|Any CPU
	EndGlobalSection
	GlobalSection(ProjectConfigurationPlatforms) = postSolution
		{D7D591F5-359A-4CAC-B9BB-FF26540C9D8D}.Debug|Any CPU.ActiveCfg = Debug|Any CPU
		{D7D591F5-359A-4CAC-B9BB-FF26540C9D8D}.Debug|Any CPU.Build.0 = Debug|Any CPU
		{D7D591F5-359A-4CAC-B9BB-FF26540C9D8D}.Release|Any CPU.ActiveCfg = Release|Any CPU
		{D7D591F5-359A-4CAC-B9BB-FF26540C9D8D}.Release|Any CPU.Build.0 = Release|Any CPU
	EndGlobalSection
	GlobalSection(SolutionProperties) = preSolution
		HideSolutionNode = FALSE
	EndGlobalSection
	GlobalSection(ExtensibilityGlobals) = postSolution
		SolutionGuid = {936C9A99-F2D9-473C-80FC-4F698330E6DA}
	EndGlobalSection
EndGlobal
